
Microsoft Visual Studio Solution File, Format Version 12.00
# Visual Studio Version 16
VisualStudioVersion = 16.0.29230.47
MinimumVisualStudioVersion = 10.0.40219.1
Project("{FAE04EC0-301F-11D3-BF4B-00C04F79EFBC}") = "View", "Feeder\View.csproj", "{C94096D1-F538-44B7-A506-E157E3595C2A}"
	ProjectSection(ProjectDependencies) = postProject
		{8258521D-659E-4A9A-8532-3700C58EF0FE} = {8258521D-659E-4A9A-8532-3700C58EF0FE}
	EndProjectSection
EndProject
Project("{FAE04EC0-301F-11D3-BF4B-00C04F79EFBC}") = "Presentation", "Presentation\Presentation.csproj", "{CC369EAA-43F5-4B08-A024-3EA58F3B37AD}"
EndProject
Project("{FAE04EC0-301F-11D3-BF4B-00C04F79EFBC}") = "Model", "Model\Model.csproj", "{1C3FB904-EBDE-4B6E-A392-CBE277FF0A7B}"
EndProject
Project("{FAE04EC0-301F-11D3-BF4B-00C04F79EFBC}") = "DAL", "DAL\DAL.csproj", "{8258521D-659E-4A9A-8532-3700C58EF0FE}"
EndProject
Global
	GlobalSection(SolutionConfigurationPlatforms) = preSolution
		Debug|Any CPU = Debug|Any CPU
		Release|Any CPU = Release|Any CPU
	EndGlobalSection
	GlobalSection(ProjectConfigurationPlatforms) = postSolution
		{C94096D1-F538-44B7-A506-E157E3595C2A}.Debug|Any CPU.ActiveCfg = Debug|Any CPU
		{C94096D1-F538-44B7-A506-E157E3595C2A}.Debug|Any CPU.Build.0 = Debug|Any CPU
		{C94096D1-F538-44B7-A506-E157E3595C2A}.Release|Any CPU.ActiveCfg = Release|Any CPU
		{C94096D1-F538-44B7-A506-E157E3595C2A}.Release|Any CPU.Build.0 = Release|Any CPU
		{CC369EAA-43F5-4B08-A024-3EA58F3B37AD}.Debug|Any CPU.ActiveCfg = Debug|Any CPU
		{CC369EAA-43F5-4B08-A024-3EA58F3B37AD}.Debug|Any CPU.Build.0 = Debug|Any CPU
		{CC369EAA-43F5-4B08-A024-3EA58F3B37AD}.Release|Any CPU.ActiveCfg = Release|Any CPU
		{CC369EAA-43F5-4B08-A024-3EA58F3B37AD}.Release|Any CPU.Build.0 = Release|Any CPU
		{1C3FB904-EBDE-4B6E-A392-CBE277FF0A7B}.Debug|Any CPU.ActiveCfg = Debug|Any CPU
		{1C3FB904-EBDE-4B6E-A392-CBE277FF0A7B}.Debug|Any CPU.Build.0 = Debug|Any CPU
		{1C3FB904-EBDE-4B6E-A392-CBE277FF0A7B}.Release|Any CPU.ActiveCfg = Release|Any CPU
		{1C3FB904-EBDE-4B6E-A392-CBE277FF0A7B}.Release|Any CPU.Build.0 = Release|Any CPU
		{8258521D-659E-4A9A-8532-3700C58EF0FE}.Debug|Any CPU.ActiveCfg = Debug|Any CPU
		{8258521D-659E-4A9A-8532-3700C58EF0FE}.Debug|Any CPU.Build.0 = Debug|Any CPU
		{8258521D-659E-4A9A-8532-3700C58EF0FE}.Release|Any CPU.ActiveCfg = Release|Any CPU
		{8258521D-659E-4A9A-8532-3700C58EF0FE}.Release|Any CPU.Build.0 = Release|Any CPU
	EndGlobalSection
	GlobalSection(SolutionProperties) = preSolution
		HideSolutionNode = FALSE
	EndGlobalSection
	GlobalSection(ExtensibilityGlobals) = postSolution
		SolutionGuid = {1DE99B6A-CE9B-4382-AB13-6AF63DBA108B}
	EndGlobalSection
EndGlobal
